Microsoft Visual Studio Solution File, Format Version 12.00
# Visual Studio Version 17
VisualStudioVersion = 17.5.2.0
MinimumVisualStudioVersion = 10.0.40219.1
Project("{FAE04EC0-301F-11D3-BF4B-00C04F79EFBC}") = "labworkWeek5", "labworkWeek5.csproj", "{F235A4A3-BB6E-095A-8F88-A7B8D84B3BF4}"
EndProject
Global
	GlobalSection(SolutionConfigurationPlatforms) = preSolution
		Debug|Any CPU = Debug|Any CPU
		Release|Any CPU = Release|Any CPU
	EndGlobalSection
	GlobalSection(ProjectConfigurationPlatforms) = postSolution
		{F235A4A3-BB6E-095A-8F88-A7B8D84B3BF4}.Debug|Any CPU.ActiveCfg = Debug|Any CPU
		{F235A4A3-BB6E-095A-8F88-A7B8D84B3BF4}.Debug|Any CPU.Build.0 = Debug|Any CPU
		{F235A4A3-BB6E-095A-8F88-A7B8D84B3BF4}.Release|Any CPU.ActiveCfg = Release|Any CPU
		{F235A4A3-BB6E-095A-8F88-A7B8D84B3BF4}.Release|Any CPU.Build.0 = Release|Any CPU
	EndGlobalSection
	GlobalSection(SolutionProperties) = preSolution
		HideSolutionNode = FALSE
	EndGlobalSection
	GlobalSection(ExtensibilityGlobals) = postSolution
		SolutionGuid = {15467763-1D57-40AD-9342-BE5FCED4C0B5}
	EndGlobalSection
EndGlobal
